
Microsoft Visual Studio Solution File, Format Version 12.00
# Visual Studio Version 17
VisualStudioVersion = 17.2.32630.192
MinimumVisualStudioVersion = 10.0.40219.1
Project("{FAE04EC0-301F-11D3-BF4B-00C04F79EFBC}") = "api_status_liverpool", "api_status_liverpool.csproj", "{91987C20-CF87-4039-999D-F6E1F3A974AE}"
EndProject
Global
	GlobalSection(SolutionConfigurationPlatforms) = preSolution
		Debug|Any CPU = Debug|Any CPU
		Release|Any CPU = Release|Any CPU
	EndGlobalSection
	GlobalSection(ProjectConfigurationPlatforms) = postSolution
		{91987C20-CF87-4039-999D-F6E1F3A974AE}.Debug|Any CPU.ActiveCfg = Debug|Any CPU
		{91987C20-CF87-4039-999D-F6E1F3A974AE}.Debug|Any CPU.Build.0 = Debug|Any CPU
		{91987C20-CF87-4039-999D-F6E1F3A974AE}.Release|Any CPU.ActiveCfg = Release|Any CPU
		{91987C20-CF87-4039-999D-F6E1F3A974AE}.Release|Any CPU.Build.0 = Release|Any CPU
	EndGlobalSection
	GlobalSection(SolutionProperties) = preSolution
		HideSolutionNode = FALSE
	EndGlobalSection
	GlobalSection(ExtensibilityGlobals) = postSolution
		SolutionGuid = {B07B8BFE-A5A9-4A9A-BF0F-FDCAEF4E50C3}
	EndGlobalSection
EndGlobal
